<Solution>
  <Folder Name="/API/">
    <Project Path="Survey.ApiGateway/Survey.ApiGateway.csproj" Id="d9131f8f-f6de-4910-a507-7e6d307cb165" />
  </Folder>
  <Folder Name="/Frontend/">
    <Project Path="SchulFunk_Webprojekt/SchulFunk_Webprojekt.csproj" Id="e4882d4b-0218-463a-9edd-73d5295a13cc" />
  </Folder>
</Solution>
